
Microsoft Visual Studio Solution File, Format Version 12.00
# Visual Studio Version 17
VisualStudioVersion = 17.8.34408.163
MinimumVisualStudioVersion = 10.0.40219.1
Project("{8BC9CEB8-8B4A-11D0-8D11-00A0C91BC942}") = "pptHelper", "pptHelper.vcxproj", "{5D53B621-E157-4D82-AF30-35A213C47D76}"
EndProject
Project("{8BC9CEB8-8B4A-11D0-8D11-00A0C91BC942}") = "pptHelperUpdateChecker", "pptHelperUpdateChecker\pptHelperUpdateChecker.vcxproj", "{C669B5F0-9310-451B-BAEF-217C726597C0}"
EndProject
Project("{8BC9CEB8-8B4A-11D0-8D11-00A0C91BC942}") = "GDI_CapturingAnImage", "GDI_CapturingAnImage\GDI_CapturingAnImage.vcxproj", "{F8FA0036-6838-4EF2-AC16-AB16ABF325BB}"
EndProject
Project("{8BC9CEB8-8B4A-11D0-8D11-00A0C91BC942}") = "测试", "测试\测试.vcxproj", "{8DFF7F02-ED60-4D0D-8EEF-427F5F6BFB49}"
EndProject
Global
	GlobalSection(SolutionConfigurationPlatforms) = preSolution
		Debug|x64 = Debug|x64
		Debug|x86 = Debug|x86
		Release|x64 = Release|x64
		Release|x86 = Release|x86
	EndGlobalSection
	GlobalSection(ProjectConfigurationPlatforms) = postSolution
		{5D53B621-E157-4D82-AF30-35A213C47D76}.Debug|x64.ActiveCfg = Debug|x64
		{5D53B621-E157-4D82-AF30-35A213C47D76}.Debug|x64.Build.0 = Debug|x64
		{5D53B621-E157-4D82-AF30-35A213C47D76}.Debug|x86.ActiveCfg = Debug|x64
		{5D53B621-E157-4D82-AF30-35A213C47D76}.Debug|x86.Build.0 = Debug|x64
		{5D53B621-E157-4D82-AF30-35A213C47D76}.Release|x64.ActiveCfg = Release|x64
		{5D53B621-E157-4D82-AF30-35A213C47D76}.Release|x64.Build.0 = Release|x64
		{5D53B621-E157-4D82-AF30-35A213C47D76}.Release|x86.ActiveCfg = Release|x64
		{5D53B621-E157-4D82-AF30-35A213C47D76}.Release|x86.Build.0 = Release|x64
		{C669B5F0-9310-451B-BAEF-217C726597C0}.Debug|x64.ActiveCfg = Debug|x64
		{C669B5F0-9310-451B-BAEF-217C726597C0}.Debug|x64.Build.0 = Debug|x64
		{C669B5F0-9310-451B-BAEF-217C726597C0}.Debug|x86.ActiveCfg = Debug|x64
		{C669B5F0-9310-451B-BAEF-217C726597C0}.Debug|x86.Build.0 = Debug|x64
		{C669B5F0-9310-451B-BAEF-217C726597C0}.Release|x64.ActiveCfg = Release|x64
		{C669B5F0-9310-451B-BAEF-217C726597C0}.Release|x64.Build.0 = Release|x64
		{C669B5F0-9310-451B-BAEF-217C726597C0}.Release|x86.ActiveCfg = Release|x64
		{C669B5F0-9310-451B-BAEF-217C726597C0}.Release|x86.Build.0 = Release|x64
		{F8FA0036-6838-4EF2-AC16-AB16ABF325BB}.Debug|x64.ActiveCfg = Debug|x64
		{F8FA0036-6838-4EF2-AC16-AB16ABF325BB}.Debug|x64.Build.0 = Debug|x64
		{F8FA0036-6838-4EF2-AC16-AB16ABF325BB}.Debug|x86.ActiveCfg = Debug|Win32
		{F8FA0036-6838-4EF2-AC16-AB16ABF325BB}.Debug|x86.Build.0 = Debug|Win32
		{F8FA0036-6838-4EF2-AC16-AB16ABF325BB}.Release|x64.ActiveCfg = Release|x64
		{F8FA0036-6838-4EF2-AC16-AB16ABF325BB}.Release|x64.Build.0 = Release|x64
		{F8FA0036-6838-4EF2-AC16-AB16ABF325BB}.Release|x86.ActiveCfg = Release|Win32
		{F8FA0036-6838-4EF2-AC16-AB16ABF325BB}.Release|x86.Build.0 = Release|Win32
		{8DFF7F02-ED60-4D0D-8EEF-427F5F6BFB49}.Debug|x64.ActiveCfg = Debug|x64
		{8DFF7F02-ED60-4D0D-8EEF-427F5F6BFB49}.Debug|x64.Build.0 = Debug|x64
		{8DFF7F02-ED60-4D0D-8EEF-427F5F6BFB49}.Debug|x86.ActiveCfg = Debug|Win32
		{8DFF7F02-ED60-4D0D-8EEF-427F5F6BFB49}.Debug|x86.Build.0 = Debug|Win32
		{8DFF7F02-ED60-4D0D-8EEF-427F5F6BFB49}.Release|x64.ActiveCfg = Release|x64
		{8DFF7F02-ED60-4D0D-8EEF-427F5F6BFB49}.Release|x64.Build.0 = Release|x64
		{8DFF7F02-ED60-4D0D-8EEF-427F5F6BFB49}.Release|x86.ActiveCfg = Release|Win32
		{8DFF7F02-ED60-4D0D-8EEF-427F5F6BFB49}.Release|x86.Build.0 = Release|Win32
	EndGlobalSection
	GlobalSection(SolutionProperties) = preSolution
		HideSolutionNode = FALSE
	EndGlobalSection
	GlobalSection(ExtensibilityGlobals) = postSolution
		SolutionGuid = {BC55BE3A-9511-44BD-8858-29C2A78F2FE4}
	EndGlobalSection
EndGlobal
